
Microsoft Visual Studio Solution File, Format Version 12.00
# Visual Studio Version 16
VisualStudioVersion = 16.0.30621.155
MinimumVisualStudioVersion = 10.0.40219.1
Project("{FAE04EC0-301F-11D3-BF4B-00C04F79EFBC}") = "FairyTaleGCR", "FairyTaleGCR\FairyTaleGCR.csproj", "{8B26EDC0-7533-4641-8581-AA346349AA02}"
EndProject
Global
	GlobalSection(SolutionConfigurationPlatforms) = preSolution
		Debug|Any CPU = Debug|Any CPU
		Release|Any CPU = Release|Any CPU
	EndGlobalSection
	GlobalSection(ProjectConfigurationPlatforms) = postSolution
		{8B26EDC0-7533-4641-8581-AA346349AA02}.Debug|Any CPU.ActiveCfg = Debug|Any CPU
		{8B26EDC0-7533-4641-8581-AA346349AA02}.Debug|Any CPU.Build.0 = Debug|Any CPU
		{8B26EDC0-7533-4641-8581-AA346349AA02}.Release|Any CPU.ActiveCfg = Release|Any CPU
		{8B26EDC0-7533-4641-8581-AA346349AA02}.Release|Any CPU.Build.0 = Release|Any CPU
	EndGlobalSection
	GlobalSection(SolutionProperties) = preSolution
		HideSolutionNode = FALSE
	EndGlobalSection
	GlobalSection(ExtensibilityGlobals) = postSolution
		SolutionGuid = {3B524C4B-EBA0-44F4-9EBA-15136CE99C0C}
	EndGlobalSection
EndGlobal
